{
  "lockfile_version": "1",
  "packages": {
    "go@latest": {
      "last_modified": "2023-05-01T16:53:22Z",
      "resolved": "github:NixOS/nixpkgs/8670e496ffd093b60e74e7fa53526aa5920d09eb#go",
      "version": "1.20.3"
    },
    "golangci-lint@latest": {
      "last_modified": "2023-05-01T16:53:22Z",
      "resolved": "github:NixOS/nixpkgs/8670e496ffd093b60e74e7fa53526aa5920d09eb#golangci-lint",
      "version": "1.52.2"
    },
    "gopls@latest": {
      "last_modified": "2023-05-01T16:53:22Z",
      "resolved": "github:NixOS/nixpkgs/8670e496ffd093b60e74e7fa53526aa5920d09eb#gopls",
      "version": "0.11.0"
    },
    "just@latest": {
      "last_modified": "2023-05-01T16:53:22Z",
      "resolved": "github:NixOS/nixpkgs/8670e496ffd093b60e74e7fa53526aa5920d09eb#just",
      "version": "1.13.0"
    }
  }
}