{
  "nodes": {
    "nixpkgs": {
      "locked": {
        "lastModified": 1695642494,
        "narHash": "sha256-rmWNGNqJhu8ZfmmDgIDQc5aYTxWo1ehZ60A1MBaUwhg=",
        "owner": "NixOS",
        "repo": "nixpkgs",
        "rev": "0ebe152b01ef5bec730c7b0eeeb9dedb94731a16",
        "type": "github"
      },
      "original": {
        "owner": "NixOS",
        "ref": "release-23.05",
        "repo": "nixpkgs",
        "type": "github"
      }
    },
    "root": {
      "inputs": {
        "nixpkgs": "nixpkgs"
      }
    }
  },
  "root": "root",
  "version": 7
}
